
Microsoft Visual Studio Solution File, Format Version 12.00
# Visual Studio Version 16
VisualStudioVersion = 16.0.28917.182
MinimumVisualStudioVersion = 10.0.40219.1
Project("{9A19103F-16F7-4668-BE54-9A1E7A4F7556}") = "DatabaseInterface", "DatabaseInterface\DatabaseInterface.csproj", "{5C6792C8-4D75-42B3-8342-F7ABD66F988F}"
EndProject
Project("{9A19103F-16F7-4668-BE54-9A1E7A4F7556}") = "DiscordBot", "DiscordBot\DiscordBot.csproj", "{0C638F57-0FC0-44E7-A077-E6143FF822FE}"
EndProject
Project("{FAE04EC0-301F-11D3-BF4B-00C04F79EFBC}") = "Blazor", "Blazor\Blazor.csproj", "{D71B2E54-C2BE-4F29-80FF-F423E194A601}"
EndProject
Global
	GlobalSection(SolutionConfigurationPlatforms) = preSolution
		Debug|Any CPU = Debug|Any CPU
		Release|Any CPU = Release|Any CPU
	EndGlobalSection
	GlobalSection(ProjectConfigurationPlatforms) = postSolution
		{5C6792C8-4D75-42B3-8342-F7ABD66F988F}.Debug|Any CPU.ActiveCfg = Debug|Any CPU
		{5C6792C8-4D75-42B3-8342-F7ABD66F988F}.Debug|Any CPU.Build.0 = Debug|Any CPU
		{5C6792C8-4D75-42B3-8342-F7ABD66F988F}.Release|Any CPU.ActiveCfg = Release|Any CPU
		{5C6792C8-4D75-42B3-8342-F7ABD66F988F}.Release|Any CPU.Build.0 = Release|Any CPU
		{0C638F57-0FC0-44E7-A077-E6143FF822FE}.Debug|Any CPU.ActiveCfg = Debug|Any CPU
		{0C638F57-0FC0-44E7-A077-E6143FF822FE}.Debug|Any CPU.Build.0 = Debug|Any CPU
		{0C638F57-0FC0-44E7-A077-E6143FF822FE}.Release|Any CPU.ActiveCfg = Release|Any CPU
		{0C638F57-0FC0-44E7-A077-E6143FF822FE}.Release|Any CPU.Build.0 = Release|Any CPU
		{D71B2E54-C2BE-4F29-80FF-F423E194A601}.Debug|Any CPU.ActiveCfg = Debug|Any CPU
		{D71B2E54-C2BE-4F29-80FF-F423E194A601}.Debug|Any CPU.Build.0 = Debug|Any CPU
		{D71B2E54-C2BE-4F29-80FF-F423E194A601}.Release|Any CPU.ActiveCfg = Release|Any CPU
		{D71B2E54-C2BE-4F29-80FF-F423E194A601}.Release|Any CPU.Build.0 = Release|Any CPU
	EndGlobalSection
	GlobalSection(SolutionProperties) = preSolution
		HideSolutionNode = FALSE
	EndGlobalSection
	GlobalSection(ExtensibilityGlobals) = postSolution
		SolutionGuid = {D8899D5D-8461-4276-8EE1-36347A06D5F9}
	EndGlobalSection
EndGlobal
